
Microsoft Visual Studio Solution File, Format Version 12.00
# Visual Studio Version 16
VisualStudioVersion = 16.0.31515.178
MinimumVisualStudioVersion = 10.0.40219.1
Project("{9A19103F-16F7-4668-BE54-9A1E7A4F7556}") = "CSharp70", "CSharp70\CSharp70.csproj", "{B27F3351-B478-437F-AB61-E6DE554F4166}"
EndProject
Project("{2150E333-8FDC-42A3-9474-1A3956D46DE8}") = "ReferencesDocsLinks", "ReferencesDocsLinks", "{3BE4E8F3-E1DF-416D-B5DC-825AFE0F17C4}"
	ProjectSection(SolutionItems) = preProject
		LinkCollection.txt = LinkCollection.txt
	EndProjectSection
EndProject
Project("{9A19103F-16F7-4668-BE54-9A1E7A4F7556}") = "CSharp71", "CSharp71\CSharp71.csproj", "{E3D66EB7-F928-465E-BADB-B1A04EBF7EB9}"
EndProject
Project("{9A19103F-16F7-4668-BE54-9A1E7A4F7556}") = "CSharp72", "CSharp72\CSharp72.csproj", "{83CC5180-1C72-4FD0-8E99-87205FC0C9F0}"
EndProject
Project("{9A19103F-16F7-4668-BE54-9A1E7A4F7556}") = "CSharp73", "CSharp73\CSharp73.csproj", "{171A1BDD-2167-4570-9029-C9D0074A069E}"
EndProject
Project("{9A19103F-16F7-4668-BE54-9A1E7A4F7556}") = "CSharp80", "CSharp80\CSharp80.csproj", "{602C6D37-CCC1-4254-BE02-3C28DCCDC11F}"
EndProject
Project("{2150E333-8FDC-42A3-9474-1A3956D46DE8}") = "Solution Items", "Solution Items", "{237B3F43-7CCA-4650-B638-F61B57208B86}"
	ProjectSection(SolutionItems) = preProject
		Agenda.md = Agenda.md
	EndProjectSection
EndProject
Project("{9A19103F-16F7-4668-BE54-9A1E7A4F7556}") = "CSharp90", "CSharp90\CSharp90.csproj", "{1323C006-1347-4E21-ADBA-EF8513659928}"
EndProject
Project("{2150E333-8FDC-42A3-9474-1A3956D46DE8}") = "SprachFeatures", "SprachFeatures", "{E673515B-9B02-446C-9943-364493232C4B}"
EndProject
Project("{9A19103F-16F7-4668-BE54-9A1E7A4F7556}") = "SOLID_SRPSample", "SOLID_SRPSample\SOLID_SRPSample.csproj", "{D267C8D9-3C49-4471-B621-217F100F8CA8}"
EndProject
Project("{9A19103F-16F7-4668-BE54-9A1E7A4F7556}") = "SOLID_OpenClosePrinzipSample", "SOLID_OpenClosePrinzipSample\SOLID_OpenClosePrinzipSample.csproj", "{03C8AD4F-7CC3-4A22-A5D1-7EC5ABC6D0CC}"
EndProject
Project("{9A19103F-16F7-4668-BE54-9A1E7A4F7556}") = "SOLID_DependencyInversion", "SOLID_DependencyInversion\SOLID_DependencyInversion.csproj", "{FBD1B27A-9DFF-4A4C-922B-6B78A201BCDB}"
EndProject
Project("{9A19103F-16F7-4668-BE54-9A1E7A4F7556}") = "SOLID_InterfaceSegregationPrincipSample", "SOLID_InterfaceSegregationPrincipSample\SOLID_InterfaceSegregationPrincipSample.csproj", "{43A481D4-E0CC-4E12-9BE1-BE31316217B9}"
EndProject
Project("{2150E333-8FDC-42A3-9474-1A3956D46DE8}") = "SOLID Prinzipien", "SOLID Prinzipien", "{68BF2EEB-AFC9-4057-A309-FB664A6357C3}"
EndProject
Project("{9A19103F-16F7-4668-BE54-9A1E7A4F7556}") = "GenericsSamples", "GenericsSamples\GenericsSamples.csproj", "{358B61CD-72ED-4BE0-A847-B98B9F4B001F}"
EndProject
Project("{9A19103F-16F7-4668-BE54-9A1E7A4F7556}") = "Generics_ConstraintsSample", "Generics_ConstraintsSample\Generics_ConstraintsSample.csproj", "{350DEA01-BFD1-47B5-8950-20BA3248ABCC}"
EndProject
Project("{2150E333-8FDC-42A3-9474-1A3956D46DE8}") = "LABS", "LABS", "{59B66537-7223-414E-B166-299070F41596}"
EndProject
Project("{9A19103F-16F7-4668-BE54-9A1E7A4F7556}") = "Übung_Solid1", "Übung_Solid1\Übung_Solid1.csproj", "{EE793363-52E5-4DB2-BB59-407C3525BBD1}"
EndProject
Project("{9A19103F-16F7-4668-BE54-9A1E7A4F7556}") = "Übung_Solid2", "Übung_Solid2\Übung_Solid2.csproj", "{3CFE9422-CEB9-4229-A826-87376FB9442B}"
EndProject
Project("{9A19103F-16F7-4668-BE54-9A1E7A4F7556}") = "StringBuilderBenchmarkDemo", "StringBuilderBenchmarkDemo\StringBuilderBenchmarkDemo.csproj", "{E45846CE-9D98-4A72-B29D-1FEFD7580616}"
EndProject
Project("{2150E333-8FDC-42A3-9474-1A3956D46DE8}") = "Generics", "Generics", "{A0B865B3-72FC-4877-BF9A-AD935DDC4C98}"
EndProject
Project("{2150E333-8FDC-42A3-9474-1A3956D46DE8}") = "Benchmark-Test", "Benchmark-Test", "{1EFB7B12-3C93-436A-8521-050A8BF1478A}"
EndProject
Project("{9A19103F-16F7-4668-BE54-9A1E7A4F7556}") = "001_ThreadStarten", "001_ThreadStarten\001_ThreadStarten.csproj", "{0F2689F8-CB1E-4043-A436-DDF18062179F}"
EndProject
Project("{9A19103F-16F7-4668-BE54-9A1E7A4F7556}") = "002_ThreadMitParameter", "002_ThreadMitParameter\002_ThreadMitParameter.csproj", "{52EEBD0B-9A91-4FBE-93C3-D7C9335D2C4D}"
EndProject
Project("{9A19103F-16F7-4668-BE54-9A1E7A4F7556}") = "003_ThreadBeenden", "003_ThreadBeenden\003_ThreadBeenden.csproj", "{37FBEA24-236F-4031-8203-76F774BAB644}"
EndProject
Project("{9A19103F-16F7-4668-BE54-9A1E7A4F7556}") = "004_ThreadsWithREturnValueAndParameters", "004_ThreadsWithREturnValueAndParameters\004_ThreadsWithREturnValueAndParameters.csproj", "{59B9F5EC-01D1-41EB-AFF8-3739B7FC24C9}"
EndProject
Project("{9A19103F-16F7-4668-BE54-9A1E7A4F7556}") = "005_ThreadWithCallback", "0005_ThreadWithCallback\005_ThreadWithCallback.csproj", "{2B1D3B66-0713-401F-A23C-F4C12A415903}"
EndProject
Project("{9A19103F-16F7-4668-BE54-9A1E7A4F7556}") = "006_ThreadPoolSample", "006_ThreadPoolSample\006_ThreadPoolSample.csproj", "{31B33EEF-4029-468F-85AD-79FD5706CCBC}"
EndProject
Project("{9A19103F-16F7-4668-BE54-9A1E7A4F7556}") = "007_LockSample", "007_LockSample\007_LockSample.csproj", "{C7695DC1-43DB-40D4-AD56-3BE7B48374CD}"
EndProject
Project("{9A19103F-16F7-4668-BE54-9A1E7A4F7556}") = "008_MonitorSample", "008_MonitorSample\008_MonitorSample.csproj", "{6A077D2D-4167-47B6-A178-AD0583B185ED}"
EndProject
Project("{9A19103F-16F7-4668-BE54-9A1E7A4F7556}") = "MutexSample", "MutexSample\MutexSample.csproj", "{AA9B031B-4A1E-4898-9B4A-96F106713511}"
EndProject
Project("{9A19103F-16F7-4668-BE54-9A1E7A4F7556}") = "MutexSample_ProgramInstance", "MutexSample_ProgramInstance\MutexSample_ProgramInstance.csproj", "{9ACC6CDB-B783-46D2-A0A4-166BE0C746B1}"
EndProject
Project("{2150E333-8FDC-42A3-9474-1A3956D46DE8}") = "Threading", "Threading", "{AA559C21-C918-49DA-A77A-8445DD6736CD}"
EndProject
Project("{9A19103F-16F7-4668-BE54-9A1E7A4F7556}") = "001_Task_Start", "001_Task_Start\001_Task_Start.csproj", "{07470C83-0987-411E-9814-A38BFD07EFA7}"
EndProject
Project("{9A19103F-16F7-4668-BE54-9A1E7A4F7556}") = "002_Task_Beenden", "002_Task_Beenden\002_Task_Beenden.csproj", "{C1661E83-7248-48CE-A611-1EB258353298}"
EndProject
Project("{9A19103F-16F7-4668-BE54-9A1E7A4F7556}") = "003_TaskFactorySample", "003_TaskFactorySample\003_TaskFactorySample.csproj", "{286441D2-AC71-488C-BA9F-63F4FB0FB371}"
EndProject
Project("{9A19103F-16F7-4668-BE54-9A1E7A4F7556}") = "004_TaskMitParameter", "004_TaskMitParameter\004_TaskMitParameter.csproj", "{8BCBDD48-ECE9-4847-8308-5CEB960F4EF5}"
EndProject
Project("{9A19103F-16F7-4668-BE54-9A1E7A4F7556}") = "005_TaskMitException", "005_TaskMitException\005_TaskMitException.csproj", "{7F798872-BFD7-4C4D-8780-FAF1B9628473}"
EndProject
Project("{9A19103F-16F7-4668-BE54-9A1E7A4F7556}") = "006_ContinueSample", "006_ContinueSample\006_ContinueSample.csproj", "{37F25664-73E5-4130-B284-AA8E6CA541D2}"
EndProject
Project("{9A19103F-16F7-4668-BE54-9A1E7A4F7556}") = "007_TaskContinueSample_WithParams", "007_TaskContinueSample_WithParams\007_TaskContinueSample_WithParams.csproj", "{18E936AE-AFD4-4EB7-BB2A-4E6D9AC03F77}"
EndProject
Project("{9A19103F-16F7-4668-BE54-9A1E7A4F7556}") = "008_TaskWhenAllSample", "008_TaskWhenAllSample\008_TaskWhenAllSample.csproj", "{F7A62428-B7DB-4301-AB41-47485A01F2D2}"
EndProject
Project("{9A19103F-16F7-4668-BE54-9A1E7A4F7556}") = "BenchmarkTestParallelForVsFor", "BenchmarkTestParallelForVsFor\BenchmarkTestParallelForVsFor.csproj", "{6B36733D-7F38-4E46-B163-B9A577D23758}"
EndProject
Project("{FAE04EC0-301F-11D3-BF4B-00C04F79EFBC}") = "HalloAsync", "HalloAsync\HalloAsync\HalloAsync.csproj", "{8518674C-843F-4BCF-BAD3-3EAEB28E48EF}"
EndProject
Project("{9A19103F-16F7-4668-BE54-9A1E7A4F7556}") = "AsynAwaitSample", "AsynAwaitSample\AsynAwaitSample.csproj", "{AA3A4A41-0C84-4145-91D2-E77F8E0B5864}"
EndProject
Project("{2150E333-8FDC-42A3-9474-1A3956D46DE8}") = "TPL", "TPL", "{A7CAE170-B059-441D-9953-99C8581519EB}"
EndProject
Project("{9A19103F-16F7-4668-BE54-9A1E7A4F7556}") = "DelegatesActionsFuncsSamples", "DelegatesActionsFuncsSamples\DelegatesActionsFuncsSamples.csproj", "{759B0BA7-CD41-4C8F-ADFA-1C6ACF59A9CA}"
EndProject
Project("{9A19103F-16F7-4668-BE54-9A1E7A4F7556}") = "DelegateWithCallback", "DelegateWithCallback\DelegateWithCallback.csproj", "{CE8D368E-82B4-4D48-B0FC-8FBBEDA0B341}"
EndProject
Project("{9A19103F-16F7-4668-BE54-9A1E7A4F7556}") = "EventAndEventHandlerSample", "EventAndEventHandlerSample\EventAndEventHandlerSample.csproj", "{316B164C-D183-4D12-B3D9-D72B84618811}"
EndProject
Project("{9A19103F-16F7-4668-BE54-9A1E7A4F7556}") = "VirtualAndAbstractSample", "VirtualAndAbstractSample\VirtualAndAbstractSample.csproj", "{A72CAE46-D288-4CB5-9F38-2A487E8FA090}"
EndProject
Project("{2150E333-8FDC-42A3-9474-1A3956D46DE8}") = "DelegateActionFuncEventHandler", "DelegateActionFuncEventHandler", "{B6375928-7678-4375-92A5-E6B1F755D537}"
EndProject
Project("{2150E333-8FDC-42A3-9474-1A3956D46DE8}") = "OOP Advanced", "OOP Advanced", "{B1E4E797-4CFF-434B-BC97-BC6D49325514}"
EndProject
Project("{9A19103F-16F7-4668-BE54-9A1E7A4F7556}") = "TrumpTaschenrechner", "TrumpTaschenrechner\TrumpTaschenrechner.csproj", "{CE9D9790-AF09-4646-99CA-3A801B07B925}"
EndProject
Project("{9A19103F-16F7-4668-BE54-9A1E7A4F7556}") = "HelloReflections", "HelloReflections\HelloReflections.csproj", "{264A3035-4EA0-43D2-B39A-D111596A3808}"
EndProject
Project("{2150E333-8FDC-42A3-9474-1A3956D46DE8}") = "Reflections", "Reflections", "{9BDD38D2-D627-4BD9-99A4-F5540DE22812}"
EndProject
Project("{9A19103F-16F7-4668-BE54-9A1E7A4F7556}") = "Serialisierung_Erweiterungsmethoden", "Serialisierung_Erweiterungsmethoden\Serialisierung_Erweiterungsmethoden.csproj", "{821EB22B-7ADA-4D7D-BAA3-0920621653B3}"
EndProject
Project("{FAE04EC0-301F-11D3-BF4B-00C04F79EFBC}") = "DynamicTypes", "DynamicTypes\DynamicTypes.csproj", "{770D958F-9C62-4CF5-B91F-AF3D585183F6}"
EndProject
Project("{FAE04EC0-301F-11D3-BF4B-00C04F79EFBC}") = "LinqLambdaSamples", "LinqLambdaSamples\LinqLambdaSamples.csproj", "{C7366F96-22DF-4C94-A2E0-512ACE66A4C3}"
EndProject
Project("{FAE04EC0-301F-11D3-BF4B-00C04F79EFBC}") = "OperatorSample", "OperatorSample\OperatorSample.csproj", "{12C60D7C-CFA2-4671-81A0-C6737759CAAD}"
EndProject
Project("{FAE04EC0-301F-11D3-BF4B-00C04F79EFBC}") = "HelloWorldCore", "HelloWorldCore\HelloWorldCore.csproj", "{9972550B-EF08-4C80-9592-0438F4599266}"
EndProject
Project("{FAE04EC0-301F-11D3-BF4B-00C04F79EFBC}") = "HelloWorldCore.Test", "HelloWorldCore.Test\HelloWorldCore.Test.csproj", "{49E645FC-B162-4F67-A3C8-5B8B4784A94E}"
EndProject
Project("{FAE04EC0-301F-11D3-BF4B-00C04F79EFBC}") = "AddressManager", "AddressManager\AddressManager.csproj", "{51672CCE-DC55-4D05-A0AA-C7AC1878348A}"
EndProject
Project("{FAE04EC0-301F-11D3-BF4B-00C04F79EFBC}") = "AddressManager.Test", "AddressManager.Test\AddressManager.Test.csproj", "{B4DFB0DE-334A-48B7-88EC-CDE8E8DA1EEF}"
EndProject
Project("{2150E333-8FDC-42A3-9474-1A3956D46DE8}") = "UnitTest", "UnitTest", "{C4FED0C6-2C0A-426C-91D2-1099EE611BE6}"
EndProject
Project("{2150E333-8FDC-42A3-9474-1A3956D46DE8}") = "WeitereThemen", "WeitereThemen", "{B555FB0F-D4D8-4908-A7DD-168F32C1AD9E}"
EndProject
Project("{FAE04EC0-301F-11D3-BF4B-00C04F79EFBC}") = "MyMovie.Service", "MyMovie.Service\MyMovie.Service.csproj", "{20D951DB-BA75-4A26-8CA9-F9636B5DB067}"
EndProject
Project("{FAE04EC0-301F-11D3-BF4B-00C04F79EFBC}") = "MyMovie.Share", "MyMovie.Share\MyMovie.Share.csproj", "{CF0362F0-6D24-4127-AFDD-87ED66F1A140}"
EndProject
Project("{9A19103F-16F7-4668-BE54-9A1E7A4F7556}") = "ServiceCollectionAndServiceProviderSample", "ServiceCollectionAndServiceProviderSample\ServiceCollectionAndServiceProviderSample.csproj", "{0367A685-7070-4921-8027-27187EEE8954}"
EndProject
Project("{FAE04EC0-301F-11D3-BF4B-00C04F79EFBC}") = "MyMovie.UI", "MyMovie.UI\MyMovie.UI.csproj", "{BA85E8B5-C059-4823-8E5E-BEF0C3425C2A}"
EndProject
Global
	GlobalSection(SolutionConfigurationPlatforms) = preSolution
		Debug|Any CPU = Debug|Any CPU
		Release|Any CPU = Release|Any CPU
	EndGlobalSection
	GlobalSection(ProjectConfigurationPlatforms) = postSolution
		{B27F3351-B478-437F-AB61-E6DE554F4166}.Debug|Any CPU.ActiveCfg = Debug|Any CPU
		{B27F3351-B478-437F-AB61-E6DE554F4166}.Debug|Any CPU.Build.0 = Debug|Any CPU
		{B27F3351-B478-437F-AB61-E6DE554F4166}.Release|Any CPU.ActiveCfg = Release|Any CPU
		{B27F3351-B478-437F-AB61-E6DE554F4166}.Release|Any CPU.Build.0 = Release|Any CPU
		{E3D66EB7-F928-465E-BADB-B1A04EBF7EB9}.Debug|Any CPU.ActiveCfg = Debug|Any CPU
		{E3D66EB7-F928-465E-BADB-B1A04EBF7EB9}.Debug|Any CPU.Build.0 = Debug|Any CPU
		{E3D66EB7-F928-465E-BADB-B1A04EBF7EB9}.Release|Any CPU.ActiveCfg = Release|Any CPU
		{E3D66EB7-F928-465E-BADB-B1A04EBF7EB9}.Release|Any CPU.Build.0 = Release|Any CPU
		{83CC5180-1C72-4FD0-8E99-87205FC0C9F0}.Debug|Any CPU.ActiveCfg = Debug|Any CPU
		{83CC5180-1C72-4FD0-8E99-87205FC0C9F0}.Debug|Any CPU.Build.0 = Debug|Any CPU
		{83CC5180-1C72-4FD0-8E99-87205FC0C9F0}.Release|Any CPU.ActiveCfg = Release|Any CPU
		{83CC5180-1C72-4FD0-8E99-87205FC0C9F0}.Release|Any CPU.Build.0 = Release|Any CPU
		{171A1BDD-2167-4570-9029-C9D0074A069E}.Debug|Any CPU.ActiveCfg = Debug|Any CPU
		{171A1BDD-2167-4570-9029-C9D0074A069E}.Debug|Any CPU.Build.0 = Debug|Any CPU
		{171A1BDD-2167-4570-9029-C9D0074A069E}.Release|Any CPU.ActiveCfg = Release|Any CPU
		{171A1BDD-2167-4570-9029-C9D0074A069E}.Release|Any CPU.Build.0 = Release|Any CPU
		{602C6D37-CCC1-4254-BE02-3C28DCCDC11F}.Debug|Any CPU.ActiveCfg = Debug|Any CPU
		{602C6D37-CCC1-4254-BE02-3C28DCCDC11F}.Debug|Any CPU.Build.0 = Debug|Any CPU
		{602C6D37-CCC1-4254-BE02-3C28DCCDC11F}.Release|Any CPU.ActiveCfg = Release|Any CPU
		{602C6D37-CCC1-4254-BE02-3C28DCCDC11F}.Release|Any CPU.Build.0 = Release|Any CPU
		{1323C006-1347-4E21-ADBA-EF8513659928}.Debug|Any CPU.ActiveCfg = Debug|Any CPU
		{1323C006-1347-4E21-ADBA-EF8513659928}.Debug|Any CPU.Build.0 = Debug|Any CPU
		{1323C006-1347-4E21-ADBA-EF8513659928}.Release|Any CPU.ActiveCfg = Release|Any CPU
		{1323C006-1347-4E21-ADBA-EF8513659928}.Release|Any CPU.Build.0 = Release|Any CPU
		{D267C8D9-3C49-4471-B621-217F100F8CA8}.Debug|Any CPU.ActiveCfg = Debug|Any CPU
		{D267C8D9-3C49-4471-B621-217F100F8CA8}.Debug|Any CPU.Build.0 = Debug|Any CPU
		{D267C8D9-3C49-4471-B621-217F100F8CA8}.Release|Any CPU.ActiveCfg = Release|Any CPU
		{D267C8D9-3C49-4471-B621-217F100F8CA8}.Release|Any CPU.Build.0 = Release|Any CPU
		{03C8AD4F-7CC3-4A22-A5D1-7EC5ABC6D0CC}.Debug|Any CPU.ActiveCfg = Debug|Any CPU
		{03C8AD4F-7CC3-4A22-A5D1-7EC5ABC6D0CC}.Debug|Any CPU.Build.0 = Debug|Any CPU
		{03C8AD4F-7CC3-4A22-A5D1-7EC5ABC6D0CC}.Release|Any CPU.ActiveCfg = Release|Any CPU
		{03C8AD4F-7CC3-4A22-A5D1-7EC5ABC6D0CC}.Release|Any CPU.Build.0 = Release|Any CPU
		{FBD1B27A-9DFF-4A4C-922B-6B78A201BCDB}.Debug|Any CPU.ActiveCfg = Debug|Any CPU
		{FBD1B27A-9DFF-4A4C-922B-6B78A201BCDB}.Debug|Any CPU.Build.0 = Debug|Any CPU
		{FBD1B27A-9DFF-4A4C-922B-6B78A201BCDB}.Release|Any CPU.ActiveCfg = Release|Any CPU
		{FBD1B27A-9DFF-4A4C-922B-6B78A201BCDB}.Release|Any CPU.Build.0 = Release|Any CPU
		{43A481D4-E0CC-4E12-9BE1-BE31316217B9}.Debug|Any CPU.ActiveCfg = Debug|Any CPU
		{43A481D4-E0CC-4E12-9BE1-BE31316217B9}.Debug|Any CPU.Build.0 = Debug|Any CPU
		{43A481D4-E0CC-4E12-9BE1-BE31316217B9}.Release|Any CPU.ActiveCfg = Release|Any CPU
		{43A481D4-E0CC-4E12-9BE1-BE31316217B9}.Release|Any CPU.Build.0 = Release|Any CPU
		{358B61CD-72ED-4BE0-A847-B98B9F4B001F}.Debug|Any CPU.ActiveCfg = Debug|Any CPU
		{358B61CD-72ED-4BE0-A847-B98B9F4B001F}.Debug|Any CPU.Build.0 = Debug|Any CPU
		{358B61CD-72ED-4BE0-A847-B98B9F4B001F}.Release|Any CPU.ActiveCfg = Release|Any CPU
		{358B61CD-72ED-4BE0-A847-B98B9F4B001F}.Release|Any CPU.Build.0 = Release|Any CPU
		{350DEA01-BFD1-47B5-8950-20BA3248ABCC}.Debug|Any CPU.ActiveCfg = Debug|Any CPU
		{350DEA01-BFD1-47B5-8950-20BA3248ABCC}.Debug|Any CPU.Build.0 = Debug|Any CPU
		{350DEA01-BFD1-47B5-8950-20BA3248ABCC}.Release|Any CPU.ActiveCfg = Release|Any CPU
		{350DEA01-BFD1-47B5-8950-20BA3248ABCC}.Release|Any CPU.Build.0 = Release|Any CPU
		{EE793363-52E5-4DB2-BB59-407C3525BBD1}.Debug|Any CPU.ActiveCfg = Debug|Any CPU
		{EE793363-52E5-4DB2-BB59-407C3525BBD1}.Debug|Any CPU.Build.0 = Debug|Any CPU
		{EE793363-52E5-4DB2-BB59-407C3525BBD1}.Release|Any CPU.ActiveCfg = Release|Any CPU
		{EE793363-52E5-4DB2-BB59-407C3525BBD1}.Release|Any CPU.Build.0 = Release|Any CPU
		{3CFE9422-CEB9-4229-A826-87376FB9442B}.Debug|Any CPU.ActiveCfg = Debug|Any CPU
		{3CFE9422-CEB9-4229-A826-87376FB9442B}.Debug|Any CPU.Build.0 = Debug|Any CPU
		{3CFE9422-CEB9-4229-A826-87376FB9442B}.Release|Any CPU.ActiveCfg = Release|Any CPU
		{3CFE9422-CEB9-4229-A826-87376FB9442B}.Release|Any CPU.Build.0 = Release|Any CPU
		{E45846CE-9D98-4A72-B29D-1FEFD7580616}.Debug|Any CPU.ActiveCfg = Debug|Any CPU
		{E45846CE-9D98-4A72-B29D-1FEFD7580616}.Debug|Any CPU.Build.0 = Debug|Any CPU
		{E45846CE-9D98-4A72-B29D-1FEFD7580616}.Release|Any CPU.ActiveCfg = Release|Any CPU
		{E45846CE-9D98-4A72-B29D-1FEFD7580616}.Release|Any CPU.Build.0 = Release|Any CPU
		{0F2689F8-CB1E-4043-A436-DDF18062179F}.Debug|Any CPU.ActiveCfg = Debug|Any CPU
		{0F2689F8-CB1E-4043-A436-DDF18062179F}.Debug|Any CPU.Build.0 = Debug|Any CPU
		{0F2689F8-CB1E-4043-A436-DDF18062179F}.Release|Any CPU.ActiveCfg = Release|Any CPU
		{0F2689F8-CB1E-4043-A436-DDF18062179F}.Release|Any CPU.Build.0 = Release|Any CPU
		{52EEBD0B-9A91-4FBE-93C3-D7C9335D2C4D}.Debug|Any CPU.ActiveCfg = Debug|Any CPU
		{52EEBD0B-9A91-4FBE-93C3-D7C9335D2C4D}.Debug|Any CPU.Build.0 = Debug|Any CPU
		{52EEBD0B-9A91-4FBE-93C3-D7C9335D2C4D}.Release|Any CPU.ActiveCfg = Release|Any CPU
		{52EEBD0B-9A91-4FBE-93C3-D7C9335D2C4D}.Release|Any CPU.Build.0 = Release|Any CPU
		{37FBEA24-236F-4031-8203-76F774BAB644}.Debug|Any CPU.ActiveCfg = Debug|Any CPU
		{37FBEA24-236F-4031-8203-76F774BAB644}.Debug|Any CPU.Build.0 = Debug|Any CPU
		{37FBEA24-236F-4031-8203-76F774BAB644}.Release|Any CPU.ActiveCfg = Release|Any CPU
		{37FBEA24-236F-4031-8203-76F774BAB644}.Release|Any CPU.Build.0 = Release|Any CPU
		{59B9F5EC-01D1-41EB-AFF8-3739B7FC24C9}.Debug|Any CPU.ActiveCfg = Debug|Any CPU
		{59B9F5EC-01D1-41EB-AFF8-3739B7FC24C9}.Debug|Any CPU.Build.0 = Debug|Any CPU
		{59B9F5EC-01D1-41EB-AFF8-3739B7FC24C9}.Release|Any CPU.ActiveCfg = Release|Any CPU
		{59B9F5EC-01D1-41EB-AFF8-3739B7FC24C9}.Release|Any CPU.Build.0 = Release|Any CPU
		{2B1D3B66-0713-401F-A23C-F4C12A415903}.Debug|Any CPU.ActiveCfg = Debug|Any CPU
		{2B1D3B66-0713-401F-A23C-F4C12A415903}.Debug|Any CPU.Build.0 = Debug|Any CPU
		{2B1D3B66-0713-401F-A23C-F4C12A415903}.Release|Any CPU.ActiveCfg = Release|Any CPU
		{2B1D3B66-0713-401F-A23C-F4C12A415903}.Release|Any CPU.Build.0 = Release|Any CPU
		{31B33EEF-4029-468F-85AD-79FD5706CCBC}.Debug|Any CPU.ActiveCfg = Debug|Any CPU
		{31B33EEF-4029-468F-85AD-79FD5706CCBC}.Debug|Any CPU.Build.0 = Debug|Any CPU
		{31B33EEF-4029-468F-85AD-79FD5706CCBC}.Release|Any CPU.ActiveCfg = Release|Any CPU
		{31B33EEF-4029-468F-85AD-79FD5706CCBC}.Release|Any CPU.Build.0 = Release|Any CPU
		{C7695DC1-43DB-40D4-AD56-3BE7B48374CD}.Debug|Any CPU.ActiveCfg = Debug|Any CPU
		{C7695DC1-43DB-40D4-AD56-3BE7B48374CD}.Debug|Any CPU.Build.0 = Debug|Any CPU
		{C7695DC1-43DB-40D4-AD56-3BE7B48374CD}.Release|Any CPU.ActiveCfg = Release|Any CPU
		{C7695DC1-43DB-40D4-AD56-3BE7B48374CD}.Release|Any CPU.Build.0 = Release|Any CPU
		{6A077D2D-4167-47B6-A178-AD0583B185ED}.Debug|Any CPU.ActiveCfg = Debug|Any CPU
		{6A077D2D-4167-47B6-A178-AD0583B185ED}.Debug|Any CPU.Build.0 = Debug|Any CPU
		{6A077D2D-4167-47B6-A178-AD0583B185ED}.Release|Any CPU.ActiveCfg = Release|Any CPU
		{6A077D2D-4167-47B6-A178-AD0583B185ED}.Release|Any CPU.Build.0 = Release|Any CPU
		{AA9B031B-4A1E-4898-9B4A-96F106713511}.Debug|Any CPU.ActiveCfg = Debug|Any CPU
		{AA9B031B-4A1E-4898-9B4A-96F106713511}.Debug|Any CPU.Build.0 = Debug|Any CPU
		{AA9B031B-4A1E-4898-9B4A-96F106713511}.Release|Any CPU.ActiveCfg = Release|Any CPU
		{AA9B031B-4A1E-4898-9B4A-96F106713511}.Release|Any CPU.Build.0 = Release|Any CPU
		{9ACC6CDB-B783-46D2-A0A4-166BE0C746B1}.Debug|Any CPU.ActiveCfg = Debug|Any CPU
		{9ACC6CDB-B783-46D2-A0A4-166BE0C746B1}.Debug|Any CPU.Build.0 = Debug|Any CPU
		{9ACC6CDB-B783-46D2-A0A4-166BE0C746B1}.Release|Any CPU.ActiveCfg = Release|Any CPU
		{9ACC6CDB-B783-46D2-A0A4-166BE0C746B1}.Release|Any CPU.Build.0 = Release|Any CPU
		{07470C83-0987-411E-9814-A38BFD07EFA7}.Debug|Any CPU.ActiveCfg = Debug|Any CPU
		{07470C83-0987-411E-9814-A38BFD07EFA7}.Debug|Any CPU.Build.0 = Debug|Any CPU
		{07470C83-0987-411E-9814-A38BFD07EFA7}.Release|Any CPU.ActiveCfg = Release|Any CPU
		{07470C83-0987-411E-9814-A38BFD07EFA7}.Release|Any CPU.Build.0 = Release|Any CPU
		{C1661E83-7248-48CE-A611-1EB258353298}.Debug|Any CPU.ActiveCfg = Debug|Any CPU
		{C1661E83-7248-48CE-A611-1EB258353298}.Debug|Any CPU.Build.0 = Debug|Any CPU
		{C1661E83-7248-48CE-A611-1EB258353298}.Release|Any CPU.ActiveCfg = Release|Any CPU
		{C1661E83-7248-48CE-A611-1EB258353298}.Release|Any CPU.Build.0 = Release|Any CPU
		{286441D2-AC71-488C-BA9F-63F4FB0FB371}.Debug|Any CPU.ActiveCfg = Debug|Any CPU
		{286441D2-AC71-488C-BA9F-63F4FB0FB371}.Debug|Any CPU.Build.0 = Debug|Any CPU
		{286441D2-AC71-488C-BA9F-63F4FB0FB371}.Release|Any CPU.ActiveCfg = Release|Any CPU
		{286441D2-AC71-488C-BA9F-63F4FB0FB371}.Release|Any CPU.Build.0 = Release|Any CPU
		{8BCBDD48-ECE9-4847-8308-5CEB960F4EF5}.Debug|Any CPU.ActiveCfg = Debug|Any CPU
		{8BCBDD48-ECE9-4847-8308-5CEB960F4EF5}.Debug|Any CPU.Build.0 = Debug|Any CPU
		{8BCBDD48-ECE9-4847-8308-5CEB960F4EF5}.Release|Any CPU.ActiveCfg = Release|Any CPU
		{8BCBDD48-ECE9-4847-8308-5CEB960F4EF5}.Release|Any CPU.Build.0 = Release|Any CPU
		{7F798872-BFD7-4C4D-8780-FAF1B9628473}.Debug|Any CPU.ActiveCfg = Debug|Any CPU
		{7F798872-BFD7-4C4D-8780-FAF1B9628473}.Debug|Any CPU.Build.0 = Debug|Any CPU
		{7F798872-BFD7-4C4D-8780-FAF1B9628473}.Release|Any CPU.ActiveCfg = Release|Any CPU
		{7F798872-BFD7-4C4D-8780-FAF1B9628473}.Release|Any CPU.Build.0 = Release|Any CPU
		{37F25664-73E5-4130-B284-AA8E6CA541D2}.Debug|Any CPU.ActiveCfg = Debug|Any CPU
		{37F25664-73E5-4130-B284-AA8E6CA541D2}.Debug|Any CPU.Build.0 = Debug|Any CPU
		{37F25664-73E5-4130-B284-AA8E6CA541D2}.Release|Any CPU.ActiveCfg = Release|Any CPU
		{37F25664-73E5-4130-B284-AA8E6CA541D2}.Release|Any CPU.Build.0 = Release|Any CPU
		{18E936AE-AFD4-4EB7-BB2A-4E6D9AC03F77}.Debug|Any CPU.ActiveCfg = Debug|Any CPU
		{18E936AE-AFD4-4EB7-BB2A-4E6D9AC03F77}.Debug|Any CPU.Build.0 = Debug|Any CPU
		{18E936AE-AFD4-4EB7-BB2A-4E6D9AC03F77}.Release|Any CPU.ActiveCfg = Release|Any CPU
		{18E936AE-AFD4-4EB7-BB2A-4E6D9AC03F77}.Release|Any CPU.Build.0 = Release|Any CPU
		{F7A62428-B7DB-4301-AB41-47485A01F2D2}.Debug|Any CPU.ActiveCfg = Debug|Any CPU
		{F7A62428-B7DB-4301-AB41-47485A01F2D2}.Debug|Any CPU.Build.0 = Debug|Any CPU
		{F7A62428-B7DB-4301-AB41-47485A01F2D2}.Release|Any CPU.ActiveCfg = Release|Any CPU
		{F7A62428-B7DB-4301-AB41-47485A01F2D2}.Release|Any CPU.Build.0 = Release|Any CPU
		{6B36733D-7F38-4E46-B163-B9A577D23758}.Debug|Any CPU.ActiveCfg = Debug|Any CPU
		{6B36733D-7F38-4E46-B163-B9A577D23758}.Debug|Any CPU.Build.0 = Debug|Any CPU
		{6B36733D-7F38-4E46-B163-B9A577D23758}.Release|Any CPU.ActiveCfg = Release|Any CPU
		{6B36733D-7F38-4E46-B163-B9A577D23758}.Release|Any CPU.Build.0 = Release|Any CPU
		{8518674C-843F-4BCF-BAD3-3EAEB28E48EF}.Debug|Any CPU.ActiveCfg = Debug|Any CPU
		{8518674C-843F-4BCF-BAD3-3EAEB28E48EF}.Debug|Any CPU.Build.0 = Debug|Any CPU
		{8518674C-843F-4BCF-BAD3-3EAEB28E48EF}.Release|Any CPU.ActiveCfg = Release|Any CPU
		{8518674C-843F-4BCF-BAD3-3EAEB28E48EF}.Release|Any CPU.Build.0 = Release|Any CPU
		{AA3A4A41-0C84-4145-91D2-E77F8E0B5864}.Debug|Any CPU.ActiveCfg = Debug|Any CPU
		{AA3A4A41-0C84-4145-91D2-E77F8E0B5864}.Debug|Any CPU.Build.0 = Debug|Any CPU
		{AA3A4A41-0C84-4145-91D2-E77F8E0B5864}.Release|Any CPU.ActiveCfg = Release|Any CPU
		{AA3A4A41-0C84-4145-91D2-E77F8E0B5864}.Release|Any CPU.Build.0 = Release|Any CPU
		{759B0BA7-CD41-4C8F-ADFA-1C6ACF59A9CA}.Debug|Any CPU.ActiveCfg = Debug|Any CPU
		{759B0BA7-CD41-4C8F-ADFA-1C6ACF59A9CA}.Debug|Any CPU.Build.0 = Debug|Any CPU
		{759B0BA7-CD41-4C8F-ADFA-1C6ACF59A9CA}.Release|Any CPU.ActiveCfg = Release|Any CPU
		{759B0BA7-CD41-4C8F-ADFA-1C6ACF59A9CA}.Release|Any CPU.Build.0 = Release|Any CPU
		{CE8D368E-82B4-4D48-B0FC-8FBBEDA0B341}.Debug|Any CPU.ActiveCfg = Debug|Any CPU
		{CE8D368E-82B4-4D48-B0FC-8FBBEDA0B341}.Debug|Any CPU.Build.0 = Debug|Any CPU
		{CE8D368E-82B4-4D48-B0FC-8FBBEDA0B341}.Release|Any CPU.ActiveCfg = Release|Any CPU
		{CE8D368E-82B4-4D48-B0FC-8FBBEDA0B341}.Release|Any CPU.Build.0 = Release|Any CPU
		{316B164C-D183-4D12-B3D9-D72B84618811}.Debug|Any CPU.ActiveCfg = Debug|Any CPU
		{316B164C-D183-4D12-B3D9-D72B84618811}.Debug|Any CPU.Build.0 = Debug|Any CPU
		{316B164C-D183-4D12-B3D9-D72B84618811}.Release|Any CPU.ActiveCfg = Release|Any CPU
		{316B164C-D183-4D12-B3D9-D72B84618811}.Release|Any CPU.Build.0 = Release|Any CPU
		{A72CAE46-D288-4CB5-9F38-2A487E8FA090}.Debug|Any CPU.ActiveCfg = Debug|Any CPU
		{A72CAE46-D288-4CB5-9F38-2A487E8FA090}.Debug|Any CPU.Build.0 = Debug|Any CPU
		{A72CAE46-D288-4CB5-9F38-2A487E8FA090}.Release|Any CPU.ActiveCfg = Release|Any CPU
		{A72CAE46-D288-4CB5-9F38-2A487E8FA090}.Release|Any CPU.Build.0 = Release|Any CPU
		{CE9D9790-AF09-4646-99CA-3A801B07B925}.Debug|Any CPU.ActiveCfg = Debug|Any CPU
		{CE9D9790-AF09-4646-99CA-3A801B07B925}.Debug|Any CPU.Build.0 = Debug|Any CPU
		{CE9D9790-AF09-4646-99CA-3A801B07B925}.Release|Any CPU.ActiveCfg = Release|Any CPU
		{CE9D9790-AF09-4646-99CA-3A801B07B925}.Release|Any CPU.Build.0 = Release|Any CPU
		{264A3035-4EA0-43D2-B39A-D111596A3808}.Debug|Any CPU.ActiveCfg = Debug|Any CPU
		{264A3035-4EA0-43D2-B39A-D111596A3808}.Debug|Any CPU.Build.0 = Debug|Any CPU
		{264A3035-4EA0-43D2-B39A-D111596A3808}.Release|Any CPU.ActiveCfg = Release|Any CPU
		{264A3035-4EA0-43D2-B39A-D111596A3808}.Release|Any CPU.Build.0 = Release|Any CPU
		{821EB22B-7ADA-4D7D-BAA3-0920621653B3}.Debug|Any CPU.ActiveCfg = Debug|Any CPU
		{821EB22B-7ADA-4D7D-BAA3-0920621653B3}.Debug|Any CPU.Build.0 = Debug|Any CPU
		{821EB22B-7ADA-4D7D-BAA3-0920621653B3}.Release|Any CPU.ActiveCfg = Release|Any CPU
		{821EB22B-7ADA-4D7D-BAA3-0920621653B3}.Release|Any CPU.Build.0 = Release|Any CPU
		{770D958F-9C62-4CF5-B91F-AF3D585183F6}.Debug|Any CPU.ActiveCfg = Debug|Any CPU
		{770D958F-9C62-4CF5-B91F-AF3D585183F6}.Debug|Any CPU.Build.0 = Debug|Any CPU
		{770D958F-9C62-4CF5-B91F-AF3D585183F6}.Release|Any CPU.ActiveCfg = Release|Any CPU
		{770D958F-9C62-4CF5-B91F-AF3D585183F6}.Release|Any CPU.Build.0 = Release|Any CPU
		{C7366F96-22DF-4C94-A2E0-512ACE66A4C3}.Debug|Any CPU.ActiveCfg = Debug|Any CPU
		{C7366F96-22DF-4C94-A2E0-512ACE66A4C3}.Debug|Any CPU.Build.0 = Debug|Any CPU
		{C7366F96-22DF-4C94-A2E0-512ACE66A4C3}.Release|Any CPU.ActiveCfg = Release|Any CPU
		{C7366F96-22DF-4C94-A2E0-512ACE66A4C3}.Release|Any CPU.Build.0 = Release|Any CPU
		{12C60D7C-CFA2-4671-81A0-C6737759CAAD}.Debug|Any CPU.ActiveCfg = Debug|Any CPU
		{12C60D7C-CFA2-4671-81A0-C6737759CAAD}.Debug|Any CPU.Build.0 = Debug|Any CPU
		{12C60D7C-CFA2-4671-81A0-C6737759CAAD}.Release|Any CPU.ActiveCfg = Release|Any CPU
		{12C60D7C-CFA2-4671-81A0-C6737759CAAD}.Release|Any CPU.Build.0 = Release|Any CPU
		{9972550B-EF08-4C80-9592-0438F4599266}.Debug|Any CPU.ActiveCfg = Debug|Any CPU
		{9972550B-EF08-4C80-9592-0438F4599266}.Debug|Any CPU.Build.0 = Debug|Any CPU
		{9972550B-EF08-4C80-9592-0438F4599266}.Release|Any CPU.ActiveCfg = Release|Any CPU
		{9972550B-EF08-4C80-9592-0438F4599266}.Release|Any CPU.Build.0 = Release|Any CPU
		{49E645FC-B162-4F67-A3C8-5B8B4784A94E}.Debug|Any CPU.ActiveCfg = Debug|Any CPU
		{49E645FC-B162-4F67-A3C8-5B8B4784A94E}.Debug|Any CPU.Build.0 = Debug|Any CPU
		{49E645FC-B162-4F67-A3C8-5B8B4784A94E}.Release|Any CPU.ActiveCfg = Release|Any CPU
		{49E645FC-B162-4F67-A3C8-5B8B4784A94E}.Release|Any CPU.Build.0 = Release|Any CPU
		{51672CCE-DC55-4D05-A0AA-C7AC1878348A}.Debug|Any CPU.ActiveCfg = Debug|Any CPU
		{51672CCE-DC55-4D05-A0AA-C7AC1878348A}.Debug|Any CPU.Build.0 = Debug|Any CPU
		{51672CCE-DC55-4D05-A0AA-C7AC1878348A}.Release|Any CPU.ActiveCfg = Release|Any CPU
		{51672CCE-DC55-4D05-A0AA-C7AC1878348A}.Release|Any CPU.Build.0 = Release|Any CPU
		{B4DFB0DE-334A-48B7-88EC-CDE8E8DA1EEF}.Debug|Any CPU.ActiveCfg = Debug|Any CPU
		{B4DFB0DE-334A-48B7-88EC-CDE8E8DA1EEF}.Debug|Any CPU.Build.0 = Debug|Any CPU
		{B4DFB0DE-334A-48B7-88EC-CDE8E8DA1EEF}.Release|Any CPU.ActiveCfg = Release|Any CPU
		{B4DFB0DE-334A-48B7-88EC-CDE8E8DA1EEF}.Release|Any CPU.Build.0 = Release|Any CPU
		{20D951DB-BA75-4A26-8CA9-F9636B5DB067}.Debug|Any CPU.ActiveCfg = Debug|Any CPU
		{20D951DB-BA75-4A26-8CA9-F9636B5DB067}.Debug|Any CPU.Build.0 = Debug|Any CPU
		{20D951DB-BA75-4A26-8CA9-F9636B5DB067}.Release|Any CPU.ActiveCfg = Release|Any CPU
		{20D951DB-BA75-4A26-8CA9-F9636B5DB067}.Release|Any CPU.Build.0 = Release|Any CPU
		{CF0362F0-6D24-4127-AFDD-87ED66F1A140}.Debug|Any CPU.ActiveCfg = Debug|Any CPU
		{CF0362F0-6D24-4127-AFDD-87ED66F1A140}.Debug|Any CPU.Build.0 = Debug|Any CPU
		{CF0362F0-6D24-4127-AFDD-87ED66F1A140}.Release|Any CPU.ActiveCfg = Release|Any CPU
		{CF0362F0-6D24-4127-AFDD-87ED66F1A140}.Release|Any CPU.Build.0 = Release|Any CPU
		{0367A685-7070-4921-8027-27187EEE8954}.Debug|Any CPU.ActiveCfg = Debug|Any CPU
		{0367A685-7070-4921-8027-27187EEE8954}.Debug|Any CPU.Build.0 = Debug|Any CPU
		{0367A685-7070-4921-8027-27187EEE8954}.Release|Any CPU.ActiveCfg = Release|Any CPU
		{0367A685-7070-4921-8027-27187EEE8954}.Release|Any CPU.Build.0 = Release|Any CPU
		{BA85E8B5-C059-4823-8E5E-BEF0C3425C2A}.Debug|Any CPU.ActiveCfg = Debug|Any CPU
		{BA85E8B5-C059-4823-8E5E-BEF0C3425C2A}.Debug|Any CPU.Build.0 = Debug|Any CPU
		{BA85E8B5-C059-4823-8E5E-BEF0C3425C2A}.Release|Any CPU.ActiveCfg = Release|Any CPU
		{BA85E8B5-C059-4823-8E5E-BEF0C3425C2A}.Release|Any CPU.Build.0 = Release|Any CPU
	EndGlobalSection
	GlobalSection(SolutionProperties) = preSolution
		HideSolutionNode = FALSE
	EndGlobalSection
	GlobalSection(NestedProjects) = preSolution
		{B27F3351-B478-437F-AB61-E6DE554F4166} = {E673515B-9B02-446C-9943-364493232C4B}
		{E3D66EB7-F928-465E-BADB-B1A04EBF7EB9} = {E673515B-9B02-446C-9943-364493232C4B}
		{83CC5180-1C72-4FD0-8E99-87205FC0C9F0} = {E673515B-9B02-446C-9943-364493232C4B}
		{171A1BDD-2167-4570-9029-C9D0074A069E} = {E673515B-9B02-446C-9943-364493232C4B}
		{602C6D37-CCC1-4254-BE02-3C28DCCDC11F} = {E673515B-9B02-446C-9943-364493232C4B}
		{1323C006-1347-4E21-ADBA-EF8513659928} = {E673515B-9B02-446C-9943-364493232C4B}
		{D267C8D9-3C49-4471-B621-217F100F8CA8} = {68BF2EEB-AFC9-4057-A309-FB664A6357C3}
		{03C8AD4F-7CC3-4A22-A5D1-7EC5ABC6D0CC} = {68BF2EEB-AFC9-4057-A309-FB664A6357C3}
		{FBD1B27A-9DFF-4A4C-922B-6B78A201BCDB} = {68BF2EEB-AFC9-4057-A309-FB664A6357C3}
		{43A481D4-E0CC-4E12-9BE1-BE31316217B9} = {68BF2EEB-AFC9-4057-A309-FB664A6357C3}
		{358B61CD-72ED-4BE0-A847-B98B9F4B001F} = {A0B865B3-72FC-4877-BF9A-AD935DDC4C98}
		{350DEA01-BFD1-47B5-8950-20BA3248ABCC} = {A0B865B3-72FC-4877-BF9A-AD935DDC4C98}
		{59B66537-7223-414E-B166-299070F41596} = {68BF2EEB-AFC9-4057-A309-FB664A6357C3}
		{EE793363-52E5-4DB2-BB59-407C3525BBD1} = {59B66537-7223-414E-B166-299070F41596}
		{3CFE9422-CEB9-4229-A826-87376FB9442B} = {59B66537-7223-414E-B166-299070F41596}
		{E45846CE-9D98-4A72-B29D-1FEFD7580616} = {1EFB7B12-3C93-436A-8521-050A8BF1478A}
		{0F2689F8-CB1E-4043-A436-DDF18062179F} = {AA559C21-C918-49DA-A77A-8445DD6736CD}
		{52EEBD0B-9A91-4FBE-93C3-D7C9335D2C4D} = {AA559C21-C918-49DA-A77A-8445DD6736CD}
		{37FBEA24-236F-4031-8203-76F774BAB644} = {AA559C21-C918-49DA-A77A-8445DD6736CD}
		{59B9F5EC-01D1-41EB-AFF8-3739B7FC24C9} = {AA559C21-C918-49DA-A77A-8445DD6736CD}
		{2B1D3B66-0713-401F-A23C-F4C12A415903} = {AA559C21-C918-49DA-A77A-8445DD6736CD}
		{31B33EEF-4029-468F-85AD-79FD5706CCBC} = {AA559C21-C918-49DA-A77A-8445DD6736CD}
		{C7695DC1-43DB-40D4-AD56-3BE7B48374CD} = {AA559C21-C918-49DA-A77A-8445DD6736CD}
		{6A077D2D-4167-47B6-A178-AD0583B185ED} = {AA559C21-C918-49DA-A77A-8445DD6736CD}
		{AA9B031B-4A1E-4898-9B4A-96F106713511} = {AA559C21-C918-49DA-A77A-8445DD6736CD}
		{9ACC6CDB-B783-46D2-A0A4-166BE0C746B1} = {AA559C21-C918-49DA-A77A-8445DD6736CD}
		{07470C83-0987-411E-9814-A38BFD07EFA7} = {A7CAE170-B059-441D-9953-99C8581519EB}
		{C1661E83-7248-48CE-A611-1EB258353298} = {A7CAE170-B059-441D-9953-99C8581519EB}
		{286441D2-AC71-488C-BA9F-63F4FB0FB371} = {A7CAE170-B059-441D-9953-99C8581519EB}
		{8BCBDD48-ECE9-4847-8308-5CEB960F4EF5} = {A7CAE170-B059-441D-9953-99C8581519EB}
		{7F798872-BFD7-4C4D-8780-FAF1B9628473} = {A7CAE170-B059-441D-9953-99C8581519EB}
		{37F25664-73E5-4130-B284-AA8E6CA541D2} = {A7CAE170-B059-441D-9953-99C8581519EB}
		{18E936AE-AFD4-4EB7-BB2A-4E6D9AC03F77} = {A7CAE170-B059-441D-9953-99C8581519EB}
		{F7A62428-B7DB-4301-AB41-47485A01F2D2} = {A7CAE170-B059-441D-9953-99C8581519EB}
		{6B36733D-7F38-4E46-B163-B9A577D23758} = {1EFB7B12-3C93-436A-8521-050A8BF1478A}
		{8518674C-843F-4BCF-BAD3-3EAEB28E48EF} = {A7CAE170-B059-441D-9953-99C8581519EB}
		{AA3A4A41-0C84-4145-91D2-E77F8E0B5864} = {A7CAE170-B059-441D-9953-99C8581519EB}
		{759B0BA7-CD41-4C8F-ADFA-1C6ACF59A9CA} = {B6375928-7678-4375-92A5-E6B1F755D537}
		{CE8D368E-82B4-4D48-B0FC-8FBBEDA0B341} = {B6375928-7678-4375-92A5-E6B1F755D537}
		{316B164C-D183-4D12-B3D9-D72B84618811} = {B6375928-7678-4375-92A5-E6B1F755D537}
		{A72CAE46-D288-4CB5-9F38-2A487E8FA090} = {B1E4E797-4CFF-434B-BC97-BC6D49325514}
		{CE9D9790-AF09-4646-99CA-3A801B07B925} = {9BDD38D2-D627-4BD9-99A4-F5540DE22812}
		{264A3035-4EA0-43D2-B39A-D111596A3808} = {9BDD38D2-D627-4BD9-99A4-F5540DE22812}
		{821EB22B-7ADA-4D7D-BAA3-0920621653B3} = {B555FB0F-D4D8-4908-A7DD-168F32C1AD9E}
		{770D958F-9C62-4CF5-B91F-AF3D585183F6} = {B555FB0F-D4D8-4908-A7DD-168F32C1AD9E}
		{C7366F96-22DF-4C94-A2E0-512ACE66A4C3} = {B555FB0F-D4D8-4908-A7DD-168F32C1AD9E}
		{12C60D7C-CFA2-4671-81A0-C6737759CAAD} = {B555FB0F-D4D8-4908-A7DD-168F32C1AD9E}
		{9972550B-EF08-4C80-9592-0438F4599266} = {C4FED0C6-2C0A-426C-91D2-1099EE611BE6}
		{49E645FC-B162-4F67-A3C8-5B8B4784A94E} = {C4FED0C6-2C0A-426C-91D2-1099EE611BE6}
		{51672CCE-DC55-4D05-A0AA-C7AC1878348A} = {C4FED0C6-2C0A-426C-91D2-1099EE611BE6}
		{B4DFB0DE-334A-48B7-88EC-CDE8E8DA1EEF} = {C4FED0C6-2C0A-426C-91D2-1099EE611BE6}
	EndGlobalSection
	GlobalSection(ExtensibilityGlobals) = postSolution
		SolutionGuid = {78B9A68F-C0E4-4919-8396-F28AF7A02A6F}
	EndGlobalSection
EndGlobal
